
Microsoft Visual Studio Solution File, Format Version 12.00
# Visual Studio 15
VisualStudioVersion = 15.0.28307.168
MinimumVisualStudioVersion = 10.0.40219.1
Project("{FAE04EC0-301F-11D3-BF4B-00C04F79EFBC}") = "AveryWebClientExample", "AveryWebClientExample\AveryWebClientExample.csproj", "{A43CF17B-B209-4AE2-9584-67F680BABB66}"
EndProject
Global
	GlobalSection(SolutionConfigurationPlatforms) = preSolution
		Debug|Any CPU = Debug|Any CPU
		Release|Any CPU = Release|Any CPU
	EndGlobalSection
	GlobalSection(ProjectConfigurationPlatforms) = postSolution
		{A43CF17B-B209-4AE2-9584-67F680BABB66}.Debug|Any CPU.ActiveCfg = Debug|Any CPU
		{A43CF17B-B209-4AE2-9584-67F680BABB66}.Debug|Any CPU.Build.0 = Debug|Any CPU
		{A43CF17B-B209-4AE2-9584-67F680BABB66}.Release|Any CPU.ActiveCfg = Release|Any CPU
		{A43CF17B-B209-4AE2-9584-67F680BABB66}.Release|Any CPU.Build.0 = Release|Any CPU
	EndGlobalSection
	GlobalSection(SolutionProperties) = preSolution
		HideSolutionNode = FALSE
	EndGlobalSection
	GlobalSection(ExtensibilityGlobals) = postSolution
		SolutionGuid = {66C61C1B-6FA9-479C-8A7E-D57A9BFF67BA}
	EndGlobalSection
EndGlobal
